
Microsoft Visual Studio Solution File, Format Version 12.00
# Visual Studio 15
Project("{FAE04EC0-301F-11D3-BF4B-00C04F79EFBC}") = "Assembly-CSharp-firstpass", "Assembly-CSharp-firstpass.csproj", "{95D3791C-AAE7-B2E7-D0E1-D67C0976AF22}"
EndProject
Project("{FAE04EC0-301F-11D3-BF4B-00C04F79EFBC}") = "Assembly-CSharp", "Assembly-CSharp.csproj", "{F371E4CA-75CB-4530-8580-E7F0616B67DB}"
EndProject
Project("{FAE04EC0-301F-11D3-BF4B-00C04F79EFBC}") = "Assembly-CSharp-Editor-firstpass", "Assembly-CSharp-Editor-firstpass.csproj", "{6E1DE21B-00C6-3ABC-2234-74FF4C0852D3}"
EndProject
Global
	GlobalSection(SolutionConfigurationPlatforms) = preSolution
		Debug|Any CPU = Debug|Any CPU
		Release|Any CPU = Release|Any CPU
	EndGlobalSection
	GlobalSection(ProjectConfigurationPlatforms) = postSolution
		{95D3791C-AAE7-B2E7-D0E1-D67C0976AF22}.Debug|Any CPU.ActiveCfg = Debug|Any CPU
		{95D3791C-AAE7-B2E7-D0E1-D67C0976AF22}.Debug|Any CPU.Build.0 = Debug|Any CPU
		{95D3791C-AAE7-B2E7-D0E1-D67C0976AF22}.Release|Any CPU.ActiveCfg = Release|Any CPU
		{95D3791C-AAE7-B2E7-D0E1-D67C0976AF22}.Release|Any CPU.Build.0 = Release|Any CPU
		{F371E4CA-75CB-4530-8580-E7F0616B67DB}.Debug|Any CPU.ActiveCfg = Debug|Any CPU
		{F371E4CA-75CB-4530-8580-E7F0616B67DB}.Debug|Any CPU.Build.0 = Debug|Any CPU
		{F371E4CA-75CB-4530-8580-E7F0616B67DB}.Release|Any CPU.ActiveCfg = Release|Any CPU
		{F371E4CA-75CB-4530-8580-E7F0616B67DB}.Release|Any CPU.Build.0 = Release|Any CPU
		{6E1DE21B-00C6-3ABC-2234-74FF4C0852D3}.Debug|Any CPU.ActiveCfg = Debug|Any CPU
		{6E1DE21B-00C6-3ABC-2234-74FF4C0852D3}.Debug|Any CPU.Build.0 = Debug|Any CPU
		{6E1DE21B-00C6-3ABC-2234-74FF4C0852D3}.Release|Any CPU.ActiveCfg = Release|Any CPU
		{6E1DE21B-00C6-3ABC-2234-74FF4C0852D3}.Release|Any CPU.Build.0 = Release|Any CPU
	EndGlobalSection
	GlobalSection(SolutionProperties) = preSolution
		HideSolutionNode = FALSE
	EndGlobalSection
EndGlobal
